// !$*UTF8*$!
{
	archiveVersion = 1;
	classes = {
	};
	objectVersion = 52;
	objects = {

/* Begin PBXBuildFile section */
		7F0DAFB326E376240039AFF9 /* ConstantsApi.swift in Sources */ = {isa = PBXBuildFile; fileRef = 7F0DAFB226E376240039AFF9 /* ConstantsApi.swift */; };
		7F0DAFB526E5561F0039AFF9 /* MainTableViewCell.swift in Sources */ = {isa = PBXBuildFile; fileRef = 7F0DAFB426E5561F0039AFF9 /* MainTableViewCell.swift */; };
		7F0DB02426ED0DBE0039AFF9 /* DescriptionViewController.swift in Sources */ = {isa = PBXBuildFile; fileRef = 7F0DB02326ED0DBE0039AFF9 /* DescriptionViewController.swift */; };
		7F0DB04D26EF71D60039AFF9 /* ForgotPasswordViewController.swift in Sources */ = {isa = PBXBuildFile; fileRef = 7F0DB04C26EF71D60039AFF9 /* ForgotPasswordViewController.swift */; };
		7F708AB926D5750F00DAC8B0 /* AppDelegate.swift in Sources */ = {isa = PBXBuildFile; fileRef = 7F708AB826D5750F00DAC8B0 /* AppDelegate.swift */; };
		7F708ABB26D5750F00DAC8B0 /* SceneDelegate.swift in Sources */ = {isa = PBXBuildFile; fileRef = 7F708ABA26D5750F00DAC8B0 /* SceneDelegate.swift */; };
		7F708AC026D5750F00DAC8B0 /* TabBar.storyboard in Resources */ = {isa = PBXBuildFile; fileRef = 7F708ABE26D5750F00DAC8B0 /* TabBar.storyboard */; };
		7F708AC226D5751F00DAC8B0 /* Assets.xcassets in Resources */ = {isa = PBXBuildFile; fileRef = 7F708AC126D5751F00DAC8B0 /* Assets.xcassets */; };
		7F708AC526D5751F00DAC8B0 /* LaunchScreen.storyboard in Resources */ = {isa = PBXBuildFile; fileRef = 7F708AC326D5751F00DAC8B0 /* LaunchScreen.storyboard */; };
		7F708AD026D5751F00DAC8B0 /* MyCookBookTests.swift in Sources */ = {isa = PBXBuildFile; fileRef = 7F708ACF26D5751F00DAC8B0 /* MyCookBookTests.swift */; };
		7F708ADB26D5751F00DAC8B0 /* MyCookBookUITests.swift in Sources */ = {isa = PBXBuildFile; fileRef = 7F708ADA26D5751F00DAC8B0 /* MyCookBookUITests.swift */; };
		7F708AF026D57F0100DAC8B0 /* SingIn.storyboard in Resources */ = {isa = PBXBuildFile; fileRef = 7F708AEF26D57F0100DAC8B0 /* SingIn.storyboard */; };
		7F708AF926D589AF00DAC8B0 /* StartVC.swift in Sources */ = {isa = PBXBuildFile; fileRef = 7F708AF826D589AF00DAC8B0 /* StartVC.swift */; };
		7F708AFC26D58B1A00DAC8B0 /* SettingVC.swift in Sources */ = {isa = PBXBuildFile; fileRef = 7F708AFB26D58B1A00DAC8B0 /* SettingVC.swift */; };
		7F708AFF26D6C8F900DAC8B0 /* Alamofire in Frameworks */ = {isa = PBXBuildFile; productRef = 7F708AFE26D6C8F900DAC8B0 /* Alamofire */; };
		7F708B0226D6CAF100DAC8B0 /* ServiseAPI.swift in Sources */ = {isa = PBXBuildFile; fileRef = 7F708B0126D6CAF100DAC8B0 /* ServiseAPI.swift */; };
		7F708B0526D6CC3700DAC8B0 /* Recipes.swift in Sources */ = {isa = PBXBuildFile; fileRef = 7F708B0426D6CC3700DAC8B0 /* Recipes.swift */; };
		7F708B0B26D6D09600DAC8B0 /* FavoriteCVC.swift in Sources */ = {isa = PBXBuildFile; fileRef = 7F708B0A26D6D09600DAC8B0 /* FavoriteCVC.swift */; };
		7F708B0E26D6D8F700DAC8B0 /* SwiftyJSON in Frameworks */ = {isa = PBXBuildFile; productRef = 7F708B0D26D6D8F700DAC8B0 /* SwiftyJSON */; };
		7F708B3426D95F0100DAC8B0 /* FavoriteCell.swift in Sources */ = {isa = PBXBuildFile; fileRef = 7F708B3326D95F0000DAC8B0 /* FavoriteCell.swift */; };
		7F708B3726D97C3D00DAC8B0 /* Registration.swift in Sources */ = {isa = PBXBuildFile; fileRef = 7F708B3626D97C3D00DAC8B0 /* Registration.swift */; };
		7F708B3926D97DAF00DAC8B0 /* SingInVC.swift in Sources */ = {isa = PBXBuildFile; fileRef = 7F708B3826D97DAF00DAC8B0 /* SingInVC.swift */; };
		7F708B3C26DA301000DAC8B0 /* Register.swift in Sources */ = {isa = PBXBuildFile; fileRef = 7F708B3B26DA301000DAC8B0 /* Register.swift */; };
		7F708B3E26DA9EC100DAC8B0 /* User.swift in Sources */ = {isa = PBXBuildFile; fileRef = 7F708B3D26DA9EC100DAC8B0 /* User.swift */; };
		7F708B4626DBD25900DAC8B0 /* MainViewController.swift in Sources */ = {isa = PBXBuildFile; fileRef = 7F708B4526DBD25800DAC8B0 /* MainViewController.swift */; };
		7F708B4A26DBDA7700DAC8B0 /* GoogleService-Info.plist in Resources */ = {isa = PBXBuildFile; fileRef = 7F708B4926DBDA7700DAC8B0 /* GoogleService-Info.plist */; };
		7F708B5126DC109700DAC8B0 /* ThankYouVC.swift in Sources */ = {isa = PBXBuildFile; fileRef = 7F708B5026DC109700DAC8B0 /* ThankYouVC.swift */; };
		7F708B5526DD1D9700DAC8B0 /* ProfileVC.swift in Sources */ = {isa = PBXBuildFile; fileRef = 7F708B5426DD1D9600DAC8B0 /* ProfileVC.swift */; };
		7F708BBE26DD41FB00DAC8B0 /* FirebaseAnalytics in Frameworks */ = {isa = PBXBuildFile; productRef = 7F708BBD26DD41FB00DAC8B0 /* FirebaseAnalytics */; };
		7F708BC026DD41FB00DAC8B0 /* FirebaseCrashlytics in Frameworks */ = {isa = PBXBuildFile; productRef = 7F708BBF26DD41FB00DAC8B0 /* FirebaseCrashlytics */; };
		7F708BC226DD41FB00DAC8B0 /* FirebaseAuth in Frameworks */ = {isa = PBXBuildFile; productRef = 7F708BC126DD41FB00DAC8B0 /* FirebaseAuth */; };
		7F708BC426DD41FB00DAC8B0 /* FirebaseDatabase in Frameworks */ = {isa = PBXBuildFile; productRef = 7F708BC326DD41FB00DAC8B0 /* FirebaseDatabase */; };
		7F801D4226E011D5004354CC /* Constants.swift in Sources */ = {isa = PBXBuildFile; fileRef = 7F801D4126E011D5004354CC /* Constants.swift */; };
		7F801D5126E0EE50004354CC /* FavoriteTableViewCell.swift in Sources */ = {isa = PBXBuildFile; fileRef = 7F801D5026E0EE50004354CC /* FavoriteTableViewCell.swift */; };
		7F801D5326E0EF3D004354CC /* FavoriteCollectionViewController.swift in Sources */ = {isa = PBXBuildFile; fileRef = 7F801D5226E0EF3D004354CC /* FavoriteCollectionViewController.swift */; };
		7F801D5926E2A295004354CC /* MyRecipesTableViewController.swift in Sources */ = {isa = PBXBuildFile; fileRef = 7F801D5826E2A295004354CC /* MyRecipesTableViewController.swift */; };
/* End PBXBuildFile section */

/* Begin PBXContainerItemProxy section */
		7F708ACC26D5751F00DAC8B0 /* PBXContainerItemProxy */ = {
			isa = PBXContainerItemProxy;
			containerPortal = 7F708AAD26D5750E00DAC8B0 /* Project object */;
			proxyType = 1;
			remoteGlobalIDString = 7F708AB426D5750F00DAC8B0;
			remoteInfo = MyCookBook;
		};
		7F708AD726D5751F00DAC8B0 /* PBXContainerItemProxy */ = {
			isa = PBXContainerItemProxy;
			containerPortal = 7F708AAD26D5750E00DAC8B0 /* Project object */;
			proxyType = 1;
			remoteGlobalIDString = 7F708AB426D5750F00DAC8B0;
			remoteInfo = MyCookBook;
		};
/* End PBXContainerItemProxy section */

/* Begin PBXFileReference section */
		7F0DAFB226E376240039AFF9 /* ConstantsApi.swift */ = {isa = PBXFileReference; lastKnownFileType = sourcecode.swift; path = ConstantsApi.swift; sourceTree = "<group>"; };
		7F0DAFB426E5561F0039AFF9 /* MainTableViewCell.swift */ = {isa = PBXFileReference; lastKnownFileType = sourcecode.swift; path = MainTableViewCell.swift; sourceTree = "<group>"; };
		7F0DB02326ED0DBE0039AFF9 /* DescriptionViewController.swift */ = {isa = PBXFileReference; lastKnownFileType = sourcecode.swift; path = DescriptionViewController.swift; sourceTree = "<group>"; };
		7F0DB04C26EF71D60039AFF9 /* ForgotPasswordViewController.swift */ = {isa = PBXFileReference; lastKnownFileType = sourcecode.swift; path = ForgotPasswordViewController.swift; sourceTree = "<group>"; };
		7F708AB526D5750F00DAC8B0 /* MyCookBook.app */ = {isa = PBXFileReference; explicitFileType = wrapper.application; includeInIndex = 0; path = MyCookBook.app; sourceTree = BUILT_PRODUCTS_DIR; };
		7F708AB826D5750F00DAC8B0 /* AppDelegate.swift */ = {isa = PBXFileReference; lastKnownFileType = sourcecode.swift; path = AppDelegate.swift; sourceTree = "<group>"; };
		7F708ABA26D5750F00DAC8B0 /* SceneDelegate.swift */ = {isa = PBXFileReference; lastKnownFileType = sourcecode.swift; path = SceneDelegate.swift; sourceTree = "<group>"; };
		7F708ABF26D5750F00DAC8B0 /* Base */ = {isa = PBXFileReference; lastKnownFileType = file.storyboard; name = Base; path = Base.lproj/TabBar.storyboard; sourceTree = "<group>"; };
		7F708AC126D5751F00DAC8B0 /* Assets.xcassets */ = {isa = PBXFileReference; lastKnownFileType = folder.assetcatalog; path = Assets.xcassets; sourceTree = "<group>"; };
		7F708AC426D5751F00DAC8B0 /* Base */ = {isa = PBXFileReference; lastKnownFileType = file.storyboard; name = Base; path = Base.lproj/LaunchScreen.storyboard; sourceTree = "<group>"; };
		7F708AC626D5751F00DAC8B0 /* Info.plist */ = {isa = PBXFileReference; lastKnownFileType = text.plist.xml; path = Info.plist; sourceTree = "<group>"; };
		7F708ACB26D5751F00DAC8B0 /* MyCookBookTests.xctest */ = {isa = PBXFileReference; explicitFileType = wrapper.cfbundle; includeInIndex = 0; path = MyCookBookTests.xctest; sourceTree = BUILT_PRODUCTS_DIR; };
		7F708ACF26D5751F00DAC8B0 /* MyCookBookTests.swift */ = {isa = PBXFileReference; lastKnownFileType = sourcecode.swift; path = MyCookBookTests.swift; sourceTree = "<group>"; };
		7F708AD126D5751F00DAC8B0 /* Info.plist */ = {isa = PBXFileReference; lastKnownFileType = text.plist.xml; path = Info.plist; sourceTree = "<group>"; };
		7F708AD626D5751F00DAC8B0 /* MyCookBookUITests.xctest */ = {isa = PBXFileReference; explicitFileType = wrapper.cfbundle; includeInIndex = 0; path = MyCookBookUITests.xctest; sourceTree = BUILT_PRODUCTS_DIR; };
		7F708ADA26D5751F00DAC8B0 /* MyCookBookUITests.swift */ = {isa = PBXFileReference; lastKnownFileType = sourcecode.swift; path = MyCookBookUITests.swift; sourceTree = "<group>"; };
		7F708ADC26D5751F00DAC8B0 /* Info.plist */ = {isa = PBXFileReference; lastKnownFileType = text.plist.xml; path = Info.plist; sourceTree = "<group>"; };
		7F708AEF26D57F0100DAC8B0 /* SingIn.storyboard */ = {isa = PBXFileReference; lastKnownFileType = file.storyboard; path = SingIn.storyboard; sourceTree = "<group>"; };
		7F708AF826D589AF00DAC8B0 /* StartVC.swift */ = {isa = PBXFileReference; lastKnownFileType = sourcecode.swift; path = StartVC.swift; sourceTree = "<group>"; };
		7F708AFB26D58B1A00DAC8B0 /* SettingVC.swift */ = {isa = PBXFileReference; lastKnownFileType = sourcecode.swift; path = SettingVC.swift; sourceTree = "<group>"; };
		7F708B0126D6CAF100DAC8B0 /* ServiseAPI.swift */ = {isa = PBXFileReference; lastKnownFileType = sourcecode.swift; path = ServiseAPI.swift; sourceTree = "<group>"; };
		7F708B0426D6CC3700DAC8B0 /* Recipes.swift */ = {isa = PBXFileReference; lastKnownFileType = sourcecode.swift; path = Recipes.swift; sourceTree = "<group>"; };
		7F708B0A26D6D09600DAC8B0 /* FavoriteCVC.swift */ = {isa = PBXFileReference; lastKnownFileType = sourcecode.swift; path = FavoriteCVC.swift; sourceTree = "<group>"; };
		7F708B3326D95F0000DAC8B0 /* FavoriteCell.swift */ = {isa = PBXFileReference; lastKnownFileType = sourcecode.swift; path = FavoriteCell.swift; sourceTree = "<group>"; };
		7F708B3626D97C3D00DAC8B0 /* Registration.swift */ = {isa = PBXFileReference; lastKnownFileType = sourcecode.swift; path = Registration.swift; sourceTree = "<group>"; };
		7F708B3826D97DAF00DAC8B0 /* SingInVC.swift */ = {isa = PBXFileReference; lastKnownFileType = sourcecode.swift; path = SingInVC.swift; sourceTree = "<group>"; };
		7F708B3B26DA301000DAC8B0 /* Register.swift */ = {isa = PBXFileReference; lastKnownFileType = sourcecode.swift; path = Register.swift; sourceTree = "<group>"; };
		7F708B3D26DA9EC100DAC8B0 /* User.swift */ = {isa = PBXFileReference; lastKnownFileType = sourcecode.swift; path = User.swift; sourceTree = "<group>"; };
		7F708B4526DBD25800DAC8B0 /* MainViewController.swift */ = {isa = PBXFileReference; lastKnownFileType = sourcecode.swift; path = MainViewController.swift; sourceTree = "<group>"; };
		7F708B4926DBDA7700DAC8B0 /* GoogleService-Info.plist */ = {isa = PBXFileReference; fileEncoding = 4; lastKnownFileType = text.plist.xml; path = "GoogleService-Info.plist"; sourceTree = "<group>"; };
		7F708B5026DC109700DAC8B0 /* ThankYouVC.swift */ = {isa = PBXFileReference; lastKnownFileType = sourcecode.swift; path = ThankYouVC.swift; sourceTree = "<group>"; };
		7F708B5426DD1D9600DAC8B0 /* ProfileVC.swift */ = {isa = PBXFileReference; lastKnownFileType = sourcecode.swift; path = ProfileVC.swift; sourceTree = "<group>"; };
		7F801D4126E011D5004354CC /* Constants.swift */ = {isa = PBXFileReference; lastKnownFileType = sourcecode.swift; path = Constants.swift; sourceTree = "<group>"; };
		7F801D5026E0EE50004354CC /* FavoriteTableViewCell.swift */ = {isa = PBXFileReference; lastKnownFileType = sourcecode.swift; path = FavoriteTableViewCell.swift; sourceTree = "<group>"; };
		7F801D5226E0EF3D004354CC /* FavoriteCollectionViewController.swift */ = {isa = PBXFileReference; lastKnownFileType = sourcecode.swift; path = FavoriteCollectionViewController.swift; sourceTree = "<group>"; };
		7F801D5826E2A295004354CC /* MyRecipesTableViewController.swift */ = {isa = PBXFileReference; lastKnownFileType = sourcecode.swift; path = MyRecipesTableViewController.swift; sourceTree = "<group>"; };
/* End PBXFileReference section */

/* Begin PBXFrameworksBuildPhase section */
		7F708AB226D5750F00DAC8B0 /* Frameworks */ = {
			isa = PBXFrameworksBuildPhase;
			buildActionMask = 2147483647;
			files = (
				7F708BC426DD41FB00DAC8B0 /* FirebaseDatabase in Frameworks */,
				7F708B0E26D6D8F700DAC8B0 /* SwiftyJSON in Frameworks */,
				7F708BC226DD41FB00DAC8B0 /* FirebaseAuth in Frameworks */,
				7F708BC026DD41FB00DAC8B0 /* FirebaseCrashlytics in Frameworks */,
				7F708AFF26D6C8F900DAC8B0 /* Alamofire in Frameworks */,
				7F708BBE26DD41FB00DAC8B0 /* FirebaseAnalytics in Frameworks */,
			);
			runOnlyForDeploymentPostprocessing = 0;
		};
		7F708AC826D5751F00DAC8B0 /* Frameworks */ = {
			isa = PBXFrameworksBuildPhase;
			buildActionMask = 2147483647;
			files = (
			);
			runOnlyForDeploymentPostprocessing = 0;
		};
		7F708AD326D5751F00DAC8B0 /* Frameworks */ = {
			isa = PBXFrameworksBuildPhase;
			buildActionMask = 2147483647;
			files = (
			);
			runOnlyForDeploymentPostprocessing = 0;
		};
/* End PBXFrameworksBuildPhase section */

/* Begin PBXGroup section */
		7F0DB02726ED0F780039AFF9 /* Description */ = {
			isa = PBXGroup;
			children = (
				7F0DB02326ED0DBE0039AFF9 /* DescriptionViewController.swift */,
			);
			path = Description;
			sourceTree = "<group>";
		};
		7F708AAC26D5750E00DAC8B0 = {
			isa = PBXGroup;
			children = (
				7F708AB726D5750F00DAC8B0 /* MyCookBook */,
				7F708ACE26D5751F00DAC8B0 /* MyCookBookTests */,
				7F708AD926D5751F00DAC8B0 /* MyCookBookUITests */,
				7F708AB626D5750F00DAC8B0 /* Products */,
			);
			sourceTree = "<group>";
		};
		7F708AB626D5750F00DAC8B0 /* Products */ = {
			isa = PBXGroup;
			children = (
				7F708AB526D5750F00DAC8B0 /* MyCookBook.app */,
				7F708ACB26D5751F00DAC8B0 /* MyCookBookTests.xctest */,
				7F708AD626D5751F00DAC8B0 /* MyCookBookUITests.xctest */,
			);
			name = Products;
			sourceTree = "<group>";
		};
		7F708AB726D5750F00DAC8B0 /* MyCookBook */ = {
			isa = PBXGroup;
			children = (
				7F801D4326E011E2004354CC /* Constants */,
				7F708B3526D97C1D00DAC8B0 /* Service */,
				7F708B0326D6CC2200DAC8B0 /* Models */,
				7F708B0026D6CAAD00DAC8B0 /* API */,
				7F708AFA26D58AF000DAC8B0 /* Manager */,
				7F708AE926D575A000DAC8B0 /* Views */,
				7F708AE826D5756500DAC8B0 /* Controllers */,
				7F708AEA26D575AD00DAC8B0 /* AppDelegates */,
				7F708AEB26D575F000DAC8B0 /* SuportingFile */,
				7F708AC626D5751F00DAC8B0 /* Info.plist */,
			);
			path = MyCookBook;
			sourceTree = "<group>";
		};
		7F708ACE26D5751F00DAC8B0 /* MyCookBookTests */ = {
			isa = PBXGroup;
			children = (
				7F708ACF26D5751F00DAC8B0 /* MyCookBookTests.swift */,
				7F708AD126D5751F00DAC8B0 /* Info.plist */,
			);
			path = MyCookBookTests;
			sourceTree = "<group>";
		};
		7F708AD926D5751F00DAC8B0 /* MyCookBookUITests */ = {
			isa = PBXGroup;
			children = (
				7F708ADA26D5751F00DAC8B0 /* MyCookBookUITests.swift */,
				7F708ADC26D5751F00DAC8B0 /* Info.plist */,
			);
			path = MyCookBookUITests;
			sourceTree = "<group>";
		};
		7F708AE826D5756500DAC8B0 /* Controllers */ = {
			isa = PBXGroup;
			children = (
				7F708AEC26D57EC100DAC8B0 /* Profile */,
				7F708ABE26D5750F00DAC8B0 /* TabBar.storyboard */,
				7F708AEF26D57F0100DAC8B0 /* SingIn.storyboard */,
				7F708AC326D5751F00DAC8B0 /* LaunchScreen.storyboard */,
			);
			path = Controllers;
			sourceTree = "<group>";
		};
		7F708AE926D575A000DAC8B0 /* Views */ = {
			isa = PBXGroup;
			children = (
				7F708B3A26DA2E6900DAC8B0 /* SingInAndRegister */,
				7F708B3F26DB856000DAC8B0 /* Main */,
				7F708B0926D6D07900DAC8B0 /* Favorite */,
				7F708B0626D6D02C00DAC8B0 /* MyRecipes */,
				7F708AF726D5899600DAC8B0 /* Profile */,
			);
			path = Views;
			sourceTree = "<group>";
		};
		7F708AEA26D575AD00DAC8B0 /* AppDelegates */ = {
			isa = PBXGroup;
			children = (
				7F708AB826D5750F00DAC8B0 /* AppDelegate.swift */,
				7F708ABA26D5750F00DAC8B0 /* SceneDelegate.swift */,
			);
			path = AppDelegates;
			sourceTree = "<group>";
		};
		7F708AEB26D575F000DAC8B0 /* SuportingFile */ = {
			isa = PBXGroup;
			children = (
				7F708B4926DBDA7700DAC8B0 /* GoogleService-Info.plist */,
				7F708AC126D5751F00DAC8B0 /* Assets.xcassets */,
			);
			path = SuportingFile;
			sourceTree = "<group>";
		};
		7F708AEC26D57EC100DAC8B0 /* Profile */ = {
			isa = PBXGroup;
			children = (
			);
			path = Profile;
			sourceTree = "<group>";
		};
		7F708AF726D5899600DAC8B0 /* Profile */ = {
			isa = PBXGroup;
			children = (
				7F708B5426DD1D9600DAC8B0 /* ProfileVC.swift */,
			);
			path = Profile;
			sourceTree = "<group>";
		};
		7F708AFA26D58AF000DAC8B0 /* Manager */ = {
			isa = PBXGroup;
			children = (
				7F708AFB26D58B1A00DAC8B0 /* SettingVC.swift */,
			);
			path = Manager;
			sourceTree = "<group>";
		};
		7F708B0026D6CAAD00DAC8B0 /* API */ = {
			isa = PBXGroup;
			children = (
				7F708B0126D6CAF100DAC8B0 /* ServiseAPI.swift */,
				7F0DAFB226E376240039AFF9 /* ConstantsApi.swift */,
			);
			path = API;
			sourceTree = "<group>";
		};
		7F708B0326D6CC2200DAC8B0 /* Models */ = {
			isa = PBXGroup;
			children = (
				7F708B3D26DA9EC100DAC8B0 /* User.swift */,
				7F708B0426D6CC3700DAC8B0 /* Recipes.swift */,
			);
			path = Models;
			sourceTree = "<group>";
		};
		7F708B0626D6D02C00DAC8B0 /* MyRecipes */ = {
			isa = PBXGroup;
			children = (
				7F801D5826E2A295004354CC /* MyRecipesTableViewController.swift */,
			);
			path = MyRecipes;
			sourceTree = "<group>";
		};
		7F708B0926D6D07900DAC8B0 /* Favorite */ = {
			isa = PBXGroup;
			children = (
				7F708B0A26D6D09600DAC8B0 /* FavoriteCVC.swift */,
				7F708B3326D95F0000DAC8B0 /* FavoriteCell.swift */,
				7F801D5026E0EE50004354CC /* FavoriteTableViewCell.swift */,
				7F801D5226E0EF3D004354CC /* FavoriteCollectionViewController.swift */,
			);
			path = Favorite;
			sourceTree = "<group>";
		};
		7F708B3526D97C1D00DAC8B0 /* Service */ = {
			isa = PBXGroup;
			children = (
				7F708B3626D97C3D00DAC8B0 /* Registration.swift */,
			);
			path = Service;
			sourceTree = "<group>";
		};
		7F708B3A26DA2E6900DAC8B0 /* SingInAndRegister */ = {
			isa = PBXGroup;
			children = (
				7F708B3826D97DAF00DAC8B0 /* SingInVC.swift */,
				7F708B3B26DA301000DAC8B0 /* Register.swift */,
				7F708B5026DC109700DAC8B0 /* ThankYouVC.swift */,
				7F708AF826D589AF00DAC8B0 /* StartVC.swift */,
				7F0DB04C26EF71D60039AFF9 /* ForgotPasswordViewController.swift */,
			);
			path = SingInAndRegister;
			sourceTree = "<group>";
		};
		7F708B3F26DB856000DAC8B0 /* Main */ = {
			isa = PBXGroup;
			children = (
				7F0DB02726ED0F780039AFF9 /* Description */,
				7F708B4526DBD25800DAC8B0 /* MainViewController.swift */,
				7F0DAFB426E5561F0039AFF9 /* MainTableViewCell.swift */,
			);
			path = Main;
			sourceTree = "<group>";
		};
		7F801D4326E011E2004354CC /* Constants */ = {
			isa = PBXGroup;
			children = (
				7F801D4126E011D5004354CC /* Constants.swift */,
			);
			path = Constants;
			sourceTree = "<group>";
		};
/* End PBXGroup section */

/* Begin PBXNativeTarget section */
		7F708AB426D5750F00DAC8B0 /* MyCookBook */ = {
			isa = PBXNativeTarget;
			buildConfigurationList = 7F708ADF26D5751F00DAC8B0 /* Build configuration list for PBXNativeTarget "MyCookBook" */;
			buildPhases = (
				7F708AB126D5750F00DAC8B0 /* Sources */,
				7F708AB226D5750F00DAC8B0 /* Frameworks */,
				7F708AB326D5750F00DAC8B0 /* Resources */,
				7F801D4826E0BFE6004354CC /* ShellScript */,
			);
			buildRules = (
			);
			dependencies = (
			);
			name = MyCookBook;
			packageProductDependencies = (
				7F708AFE26D6C8F900DAC8B0 /* Alamofire */,
				7F708B0D26D6D8F700DAC8B0 /* SwiftyJSON */,
				7F708BBD26DD41FB00DAC8B0 /* FirebaseAnalytics */,
				7F708BBF26DD41FB00DAC8B0 /* FirebaseCrashlytics */,
				7F708BC126DD41FB00DAC8B0 /* FirebaseAuth */,
				7F708BC326DD41FB00DAC8B0 /* FirebaseDatabase */,
			);
			productName = MyCookBook;
			productReference = 7F708AB526D5750F00DAC8B0 /* MyCookBook.app */;
			productType = "com.apple.product-type.application";
		};
		7F708ACA26D5751F00DAC8B0 /* MyCookBookTests */ = {
			isa = PBXNativeTarget;
			buildConfigurationList = 7F708AE226D5751F00DAC8B0 /* Build configuration list for PBXNativeTarget "MyCookBookTests" */;
			buildPhases = (
				7F708AC726D5751F00DAC8B0 /* Sources */,
				7F708AC826D5751F00DAC8B0 /* Frameworks */,
				7F708AC926D5751F00DAC8B0 /* Resources */,
			);
			buildRules = (
			);
			dependencies = (
				7F708ACD26D5751F00DAC8B0 /* PBXTargetDependency */,
			);
			name = MyCookBookTests;
			productName = MyCookBookTests;
			productReference = 7F708ACB26D5751F00DAC8B0 /* MyCookBookTests.xctest */;
			productType = "com.apple.product-type.bundle.unit-test";
		};
		7F708AD526D5751F00DAC8B0 /* MyCookBookUITests */ = {
			isa = PBXNativeTarget;
			buildConfigurationList = 7F708AE526D5751F00DAC8B0 /* Build configuration list for PBXNativeTarget "MyCookBookUITests" */;
			buildPhases = (
				7F708AD226D5751F00DAC8B0 /* Sources */,
				7F708AD326D5751F00DAC8B0 /* Frameworks */,
				7F708AD426D5751F00DAC8B0 /* Resources */,
			);
			buildRules = (
			);
			dependencies = (
				7F708AD826D5751F00DAC8B0 /* PBXTargetDependency */,
			);
			name = MyCookBookUITests;
			productName = MyCookBookUITests;
			productReference = 7F708AD626D5751F00DAC8B0 /* MyCookBookUITests.xctest */;
			productType = "com.apple.product-type.bundle.ui-testing";
		};
/* End PBXNativeTarget section */

/* Begin PBXProject section */
		7F708AAD26D5750E00DAC8B0 /* Project object */ = {
			isa = PBXProject;
			attributes = {
				LastSwiftUpdateCheck = 1250;
				LastUpgradeCheck = 1250;
				TargetAttributes = {
					7F708AB426D5750F00DAC8B0 = {
						CreatedOnToolsVersion = 12.5.1;
					};
					7F708ACA26D5751F00DAC8B0 = {
						CreatedOnToolsVersion = 12.5.1;
						TestTargetID = 7F708AB426D5750F00DAC8B0;
					};
					7F708AD526D5751F00DAC8B0 = {
						CreatedOnToolsVersion = 12.5.1;
						TestTargetID = 7F708AB426D5750F00DAC8B0;
					};
				};
			};
			buildConfigurationList = 7F708AB026D5750E00DAC8B0 /* Build configuration list for PBXProject "MyCookBook" */;
			compatibilityVersion = "Xcode 9.3";
			developmentRegion = en;
			hasScannedForEncodings = 0;
			knownRegions = (
				en,
				Base,
			);
			mainGroup = 7F708AAC26D5750E00DAC8B0;
			packageReferences = (
				7F708AFD26D6C8F900DAC8B0 /* XCRemoteSwiftPackageReference "Alamofire" */,
				7F708B0C26D6D8F700DAC8B0 /* XCRemoteSwiftPackageReference "SwiftyJSON" */,
				7F708BBC26DD41FB00DAC8B0 /* XCRemoteSwiftPackageReference "firebase-ios-sdk" */,
			);
			productRefGroup = 7F708AB626D5750F00DAC8B0 /* Products */;
			projectDirPath = "";
			projectRoot = "";
			targets = (
				7F708AB426D5750F00DAC8B0 /* MyCookBook */,
				7F708ACA26D5751F00DAC8B0 /* MyCookBookTests */,
				7F708AD526D5751F00DAC8B0 /* MyCookBookUITests */,
			);
		};
/* End PBXProject section */

/* Begin PBXResourcesBuildPhase section */
		7F708AB326D5750F00DAC8B0 /* Resources */ = {
			isa = PBXResourcesBuildPhase;
			buildActionMask = 2147483647;
			files = (
				7F708AF026D57F0100DAC8B0 /* SingIn.storyboard in Resources */,
				7F708AC526D5751F00DAC8B0 /* LaunchScreen.storyboard in Resources */,
				7F708B4A26DBDA7700DAC8B0 /* GoogleService-Info.plist in Resources */,
				7F708AC226D5751F00DAC8B0 /* Assets.xcassets in Resources */,
				7F708AC026D5750F00DAC8B0 /* TabBar.storyboard in Resources */,
			);
			runOnlyForDeploymentPostprocessing = 0;
		};
		7F708AC926D5751F00DAC8B0 /* Resources */ = {
			isa = PBXResourcesBuildPhase;
			buildActionMask = 2147483647;
			files = (
			);
			runOnlyForDeploymentPostprocessing = 0;
		};
		7F708AD426D5751F00DAC8B0 /* Resources */ = {
			isa = PBXResourcesBuildPhase;
			buildActionMask = 2147483647;
			files = (
			);
			runOnlyForDeploymentPostprocessing = 0;
		};
/* End PBXResourcesBuildPhase section */

/* Begin PBXShellScriptBuildPhase section */
		7F801D4826E0BFE6004354CC /* ShellScript */ = {
			isa = PBXShellScriptBuildPhase;
			buildActionMask = 8;
			files = (
			);
			inputFileListPaths = (
			);
			inputPaths = (
				"${DWARF_DSYM_FOLDER_PATH}/${DWARF_DSYM_FILE_NAME}/Contents/Resources/DWARF/${TARGET_NAME}",
				"$(SRCROOT)/$(BUILT_PRODUCTS_DIR)/$(INFOPLIST_PATH)",
			);
			outputFileListPaths = (
			);
			outputPaths = (
			);
			runOnlyForDeploymentPostprocessing = 1;
			shellPath = /bin/sh;
			shellScript = "\"${PODS_ROOT}/FirebaseCrashlytics/run\"\n";
		};
/* End PBXShellScriptBuildPhase section */

/* Begin PBXSourcesBuildPhase section */
		7F708AB126D5750F00DAC8B0 /* Sources */ = {
			isa = PBXSourcesBuildPhase;
			buildActionMask = 2147483647;
			files = (
				7F708B5526DD1D9700DAC8B0 /* ProfileVC.swift in Sources */,
				7F0DB04D26EF71D60039AFF9 /* ForgotPasswordViewController.swift in Sources */,
				7F801D5926E2A295004354CC /* MyRecipesTableViewController.swift in Sources */,
				7F708B5126DC109700DAC8B0 /* ThankYouVC.swift in Sources */,
				7F801D5326E0EF3D004354CC /* FavoriteCollectionViewController.swift in Sources */,
				7F0DAFB326E376240039AFF9 /* ConstantsApi.swift in Sources */,
				7F708B3C26DA301000DAC8B0 /* Register.swift in Sources */,
				7F708AB926D5750F00DAC8B0 /* AppDelegate.swift in Sources */,
				7F0DAFB526E5561F0039AFF9 /* MainTableViewCell.swift in Sources */,
				7F708B0526D6CC3700DAC8B0 /* Recipes.swift in Sources */,
				7F708B0B26D6D09600DAC8B0 /* FavoriteCVC.swift in Sources */,
				7F801D4226E011D5004354CC /* Constants.swift in Sources */,
				7F801D5126E0EE50004354CC /* FavoriteTableViewCell.swift in Sources */,
				7F0DB02426ED0DBE0039AFF9 /* DescriptionViewController.swift in Sources */,
				7F708B4626DBD25900DAC8B0 /* MainViewController.swift in Sources */,
				7F708B3E26DA9EC100DAC8B0 /* User.swift in Sources */,
				7F708AFC26D58B1A00DAC8B0 /* SettingVC.swift in Sources */,
				7F708ABB26D5750F00DAC8B0 /* SceneDelegate.swift in Sources */,
				7F708B3426D95F0100DAC8B0 /* FavoriteCell.swift in Sources */,
				7F708B3726D97C3D00DAC8B0 /* Registration.swift in Sources */,
				7F708B0226D6CAF100DAC8B0 /* ServiseAPI.swift in Sources */,
				7F708B3926D97DAF00DAC8B0 /* SingInVC.swift in Sources */,
				7F708AF926D589AF00DAC8B0 /* StartVC.swift in Sources */,
			);
			runOnlyForDeploymentPostprocessing = 0;
		};
		7F708AC726D5751F00DAC8B0 /* Sources */ = {
			isa = PBXSourcesBuildPhase;
			buildActionMask = 2147483647;
			files = (
				7F708AD026D5751F00DAC8B0 /* MyCookBookTests.swift in Sources */,
			);
			runOnlyForDeploymentPostprocessing = 0;
		};
		7F708AD226D5751F00DAC8B0 /* Sources */ = {
			isa = PBXSourcesBuildPhase;
			buildActionMask = 2147483647;
			files = (
				7F708ADB26D5751F00DAC8B0 /* MyCookBookUITests.swift in Sources */,
			);
			runOnlyForDeploymentPostprocessing = 0;
		};
/* End PBXSourcesBuildPhase section */

/* Begin PBXTargetDependency section */
		7F708ACD26D5751F00DAC8B0 /* PBXTargetDependency */ = {
			isa = PBXTargetDependency;
			target = 7F708AB426D5750F00DAC8B0 /* MyCookBook */;
			targetProxy = 7F708ACC26D5751F00DAC8B0 /* PBXContainerItemProxy */;
		};
		7F708AD826D5751F00DAC8B0 /* PBXTargetDependency */ = {
			isa = PBXTargetDependency;
			target = 7F708AB426D5750F00DAC8B0 /* MyCookBook */;
			targetProxy = 7F708AD726D5751F00DAC8B0 /* PBXContainerItemProxy */;
		};
/* End PBXTargetDependency section */

/* Begin PBXVariantGroup section */
		7F708ABE26D5750F00DAC8B0 /* TabBar.storyboard */ = {
			isa = PBXVariantGroup;
			children = (
				7F708ABF26D5750F00DAC8B0 /* Base */,
			);
			name = TabBar.storyboard;
			sourceTree = "<group>";
		};
		7F708AC326D5751F00DAC8B0 /* LaunchScreen.storyboard */ = {
			isa = PBXVariantGroup;
			children = (
				7F708AC426D5751F00DAC8B0 /* Base */,
			);
			name = LaunchScreen.storyboard;
			sourceTree = "<group>";
		};
/* End PBXVariantGroup section */

/* Begin XCBuildConfiguration section */
		7F708ADD26D5751F00DAC8B0 /* Debug */ = {
			isa = XCBuildConfiguration;
			buildSettings = {
				ALWAYS_SEARCH_USER_PATHS = NO;
				CLANG_ANALYZER_NONNULL = YES;
				CLANG_ANALYZER_NUMBER_OBJECT_CONVERSION = YES_AGGRESSIVE;
				CLANG_CXX_LANGUAGE_STANDARD = "gnu++14";
				CLANG_CXX_LIBRARY = "libc++";
				CLANG_ENABLE_MODULES = YES;
				CLANG_ENABLE_OBJC_ARC = YES;
				CLANG_ENABLE_OBJC_WEAK = YES;
				CLANG_WARN_BLOCK_CAPTURE_AUTORELEASING = YES;
				CLANG_WARN_BOOL_CONVERSION = YES;
				CLANG_WARN_COMMA = YES;
				CLANG_WARN_CONSTANT_CONVERSION = YES;
				CLANG_WARN_DEPRECATED_OBJC_IMPLEMENTATIONS = YES;
				CLANG_WARN_DIRECT_OBJC_ISA_USAGE = YES_ERROR;
				CLANG_WARN_DOCUMENTATION_COMMENTS = YES;
				CLANG_WARN_EMPTY_BODY = YES;
				CLANG_WARN_ENUM_CONVERSION = YES;
				CLANG_WARN_INFINITE_RECURSION = YES;
				CLANG_WARN_INT_CONVERSION = YES;
				CLANG_WARN_NON_LITERAL_NULL_CONVERSION = YES;
				CLANG_WARN_OBJC_IMPLICIT_RETAIN_SELF = YES;
				CLANG_WARN_OBJC_LITERAL_CONVERSION = YES;
				CLANG_WARN_OBJC_ROOT_CLASS = YES_ERROR;
				CLANG_WARN_QUOTED_INCLUDE_IN_FRAMEWORK_HEADER = YES;
				CLANG_WARN_RANGE_LOOP_ANALYSIS = YES;
				CLANG_WARN_STRICT_PROTOTYPES = YES;
				CLANG_WARN_SUSPICIOUS_MOVE = YES;
				CLANG_WARN_UNGUARDED_AVAILABILITY = YES_AGGRESSIVE;
				CLANG_WARN_UNREACHABLE_CODE = YES;
				CLANG_WARN__DUPLICATE_METHOD_MATCH = YES;
				COPY_PHASE_STRIP = NO;
				DEBUG_INFORMATION_FORMAT = dwarf;
				ENABLE_STRICT_OBJC_MSGSEND = YES;
				ENABLE_TESTABILITY = YES;
				GCC_C_LANGUAGE_STANDARD = gnu11;
				GCC_DYNAMIC_NO_PIC = NO;
				GCC_NO_COMMON_BLOCKS = YES;
				GCC_OPTIMIZATION_LEVEL = 0;
				GCC_PREPROCESSOR_DEFINITIONS = (
					"DEBUG=1",
					"$(inherited)",
				);
				GCC_WARN_64_TO_32_BIT_CONVERSION = YES;
				GCC_WARN_ABOUT_RETURN_TYPE = YES_ERROR;
				GCC_WARN_UNDECLARED_SELECTOR = YES;
				GCC_WARN_UNINITIALIZED_AUTOS = YES_AGGRESSIVE;
				GCC_WARN_UNUSED_FUNCTION = YES;
				GCC_WARN_UNUSED_VARIABLE = YES;
				IPHONEOS_DEPLOYMENT_TARGET = 14.5;
				MTL_ENABLE_DEBUG_INFO = INCLUDE_SOURCE;
				MTL_FAST_MATH = YES;
				ONLY_ACTIVE_ARCH = YES;
				SDKROOT = iphoneos;
				SWIFT_ACTIVE_COMPILATION_CONDITIONS = DEBUG;
				SWIFT_OPTIMIZATION_LEVEL = "-Onone";
			};
			name = Debug;
		};
		7F708ADE26D5751F00DAC8B0 /* Release */ = {
			isa = XCBuildConfiguration;
			buildSettings = {
				ALWAYS_SEARCH_USER_PATHS = NO;
				CLANG_ANALYZER_NONNULL = YES;
				CLANG_ANALYZER_NUMBER_OBJECT_CONVERSION = YES_AGGRESSIVE;
				CLANG_CXX_LANGUAGE_STANDARD = "gnu++14";
				CLANG_CXX_LIBRARY = "libc++";
				CLANG_ENABLE_MODULES = YES;
				CLANG_ENABLE_OBJC_ARC = YES;
				CLANG_ENABLE_OBJC_WEAK = YES;
				CLANG_WARN_BLOCK_CAPTURE_AUTORELEASING = YES;
				CLANG_WARN_BOOL_CONVERSION = YES;
				CLANG_WARN_COMMA = YES;
				CLANG_WARN_CONSTANT_CONVERSION = YES;
				CLANG_WARN_DEPRECATED_OBJC_IMPLEMENTATIONS = YES;
				CLANG_WARN_DIRECT_OBJC_ISA_USAGE = YES_ERROR;
				CLANG_WARN_DOCUMENTATION_COMMENTS = YES;
				CLANG_WARN_EMPTY_BODY = YES;
				CLANG_WARN_ENUM_CONVERSION = YES;
				CLANG_WARN_INFINITE_RECURSION = YES;
				CLANG_WARN_INT_CONVERSION = YES;
				CLANG_WARN_NON_LITERAL_NULL_CONVERSION = YES;
				CLANG_WARN_OBJC_IMPLICIT_RETAIN_SELF = YES;
				CLANG_WARN_OBJC_LITERAL_CONVERSION = YES;
				CLANG_WARN_OBJC_ROOT_CLASS = YES_ERROR;
				CLANG_WARN_QUOTED_INCLUDE_IN_FRAMEWORK_HEADER = YES;
				CLANG_WARN_RANGE_LOOP_ANALYSIS = YES;
				CLANG_WARN_STRICT_PROTOTYPES = YES;
				CLANG_WARN_SUSPICIOUS_MOVE = YES;
				CLANG_WARN_UNGUARDED_AVAILABILITY = YES_AGGRESSIVE;
				CLANG_WARN_UNREACHABLE_CODE = YES;
				CLANG_WARN__DUPLICATE_METHOD_MATCH = YES;
				COPY_PHASE_STRIP = NO;
				DEBUG_INFORMATION_FORMAT = dwarf;
				ENABLE_NS_ASSERTIONS = NO;
				ENABLE_STRICT_OBJC_MSGSEND = YES;
				GCC_C_LANGUAGE_STANDARD = gnu11;
				GCC_NO_COMMON_BLOCKS = YES;
				GCC_WARN_64_TO_32_BIT_CONVERSION = YES;
				GCC_WARN_ABOUT_RETURN_TYPE = YES_ERROR;
				GCC_WARN_UNDECLARED_SELECTOR = YES;
				GCC_WARN_UNINITIALIZED_AUTOS = YES_AGGRESSIVE;
				GCC_WARN_UNUSED_FUNCTION = YES;
				GCC_WARN_UNUSED_VARIABLE = YES;
				IPHONEOS_DEPLOYMENT_TARGET = 14.5;
				MTL_ENABLE_DEBUG_INFO = NO;
				MTL_FAST_MATH = YES;
				SDKROOT = iphoneos;
				SWIFT_COMPILATION_MODE = wholemodule;
				SWIFT_OPTIMIZATION_LEVEL = "-O";
				VALIDATE_PRODUCT = YES;
			};
			name = Release;
		};
		7F708AE026D5751F00DAC8B0 /* Debug */ = {
			isa = XCBuildConfiguration;
			buildSettings = {
				ASSETCATALOG_COMPILER_APPICON_NAME = AppIcon;
				ASSETCATALOG_COMPILER_GLOBAL_ACCENT_COLOR_NAME = AccentColor;
				CODE_SIGN_STYLE = Automatic;
				DEBUG_INFORMATION_FORMAT = "dwarf-with-dsym";
				DEVELOPMENT_TEAM = 62F98PL32L;
				INFOPLIST_FILE = MyCookBook/Info.plist;
				LD_RUNPATH_SEARCH_PATHS = (
					"$(inherited)",
					"@executable_path/Frameworks",
				);
				PRODUCT_BUNDLE_IDENTIFIER = "by.lesson1.pavel-bazylevich.MyCookBook";
				PRODUCT_NAME = "$(TARGET_NAME)";
				SWIFT_VERSION = 5.0;
				TARGETED_DEVICE_FAMILY = "1,2";
			};
			name = Debug;
		};
		7F708AE126D5751F00DAC8B0 /* Release */ = {
			isa = XCBuildConfiguration;
			buildSettings = {
				ASSETCATALOG_COMPILER_APPICON_NAME = AppIcon;
				ASSETCATALOG_COMPILER_GLOBAL_ACCENT_COLOR_NAME = AccentColor;
				CODE_SIGN_STYLE = Automatic;
				DEBUG_INFORMATION_FORMAT = "dwarf-with-dsym";
				DEVELOPMENT_TEAM = 62F98PL32L;
				INFOPLIST_FILE = MyCookBook/Info.plist;
				LD_RUNPATH_SEARCH_PATHS = (
					"$(inherited)",
					"@executable_path/Frameworks",
				);
				PRODUCT_BUNDLE_IDENTIFIER = "by.lesson1.pavel-bazylevich.MyCookBook";
				PRODUCT_NAME = "$(TARGET_NAME)";
				SWIFT_VERSION = 5.0;
				TARGETED_DEVICE_FAMILY = "1,2";
			};
			name = Release;
		};
		7F708AE326D5751F00DAC8B0 /* Debug */ = {
			isa = XCBuildConfiguration;
			buildSettings = {
				ALWAYS_EMBED_SWIFT_STANDARD_LIBRARIES = YES;
				BUNDLE_LOADER = "$(TEST_HOST)";
				CODE_SIGN_STYLE = Automatic;
				DEVELOPMENT_TEAM = 62F98PL32L;
				INFOPLIST_FILE = MyCookBookTests/Info.plist;
				IPHONEOS_DEPLOYMENT_TARGET = 14.5;
				LD_RUNPATH_SEARCH_PATHS = (
					"$(inherited)",
					"@executable_path/Frameworks",
					"@loader_path/Frameworks",
				);
				PRODUCT_BUNDLE_IDENTIFIER = "by.lesson1.pavel-bazylevich.MyCookBookTests";
				PRODUCT_NAME = "$(TARGET_NAME)";
				SWIFT_VERSION = 5.0;
				TARGETED_DEVICE_FAMILY = "1,2";
				TEST_HOST = "$(BUILT_PRODUCTS_DIR)/MyCookBook.app/MyCookBook";
			};
			name = Debug;
		};
		7F708AE426D5751F00DAC8B0 /* Release */ = {
			isa = XCBuildConfiguration;
			buildSettings = {
				ALWAYS_EMBED_SWIFT_STANDARD_LIBRARIES = YES;
				BUNDLE_LOADER = "$(TEST_HOST)";
				CODE_SIGN_STYLE = Automatic;
				DEVELOPMENT_TEAM = 62F98PL32L;
				INFOPLIST_FILE = MyCookBookTests/Info.plist;
				IPHONEOS_DEPLOYMENT_TARGET = 14.5;
				LD_RUNPATH_SEARCH_PATHS = (
					"$(inherited)",
					"@executable_path/Frameworks",
					"@loader_path/Frameworks",
				);
				PRODUCT_BUNDLE_IDENTIFIER = "by.lesson1.pavel-bazylevich.MyCookBookTests";
				PRODUCT_NAME = "$(TARGET_NAME)";
				SWIFT_VERSION = 5.0;
				TARGETED_DEVICE_FAMILY = "1,2";
				TEST_HOST = "$(BUILT_PRODUCTS_DIR)/MyCookBook.app/MyCookBook";
			};
			name = Release;
		};
		7F708AE626D5751F00DAC8B0 /* Debug */ = {
			isa = XCBuildConfiguration;
			buildSettings = {
				ALWAYS_EMBED_SWIFT_STANDARD_LIBRARIES = YES;
				CODE_SIGN_STYLE = Automatic;
				DEVELOPMENT_TEAM = 62F98PL32L;
				INFOPLIST_FILE = MyCookBookUITests/Info.plist;
				LD_RUNPATH_SEARCH_PATHS = (
					"$(inherited)",
					"@executable_path/Frameworks",
					"@loader_path/Frameworks",
				);
				PRODUCT_BUNDLE_IDENTIFIER = "by.lesson1.pavel-bazylevich.MyCookBookUITests";
				PRODUCT_NAME = "$(TARGET_NAME)";
				SWIFT_VERSION = 5.0;
				TARGETED_DEVICE_FAMILY = "1,2";
				TEST_TARGET_NAME = MyCookBook;
			};
			name = Debug;
		};
		7F708AE726D5751F00DAC8B0 /* Release */ = {
			isa = XCBuildConfiguration;
			buildSettings = {
				ALWAYS_EMBED_SWIFT_STANDARD_LIBRARIES = YES;
				CODE_SIGN_STYLE = Automatic;
				DEVELOPMENT_TEAM = 62F98PL32L;
				INFOPLIST_FILE = MyCookBookUITests/Info.plist;
				LD_RUNPATH_SEARCH_PATHS = (
					"$(inherited)",
					"@executable_path/Frameworks",
					"@loader_path/Frameworks",
				);
				PRODUCT_BUNDLE_IDENTIFIER = "by.lesson1.pavel-bazylevich.MyCookBookUITests";
				PRODUCT_NAME = "$(TARGET_NAME)";
				SWIFT_VERSION = 5.0;
				TARGETED_DEVICE_FAMILY = "1,2";
				TEST_TARGET_NAME = MyCookBook;
			};
			name = Release;
		};
/* End XCBuildConfiguration section */

/* Begin XCConfigurationList section */
		7F708AB026D5750E00DAC8B0 /* Build configuration list for PBXProject "MyCookBook" */ = {
			isa = XCConfigurationList;
			buildConfigurations = (
				7F708ADD26D5751F00DAC8B0 /* Debug */,
				7F708ADE26D5751F00DAC8B0 /* Release */,
			);
			defaultConfigurationIsVisible = 0;
			defaultConfigurationName = Release;
		};
		7F708ADF26D5751F00DAC8B0 /* Build configuration list for PBXNativeTarget "MyCookBook" */ = {
			isa = XCConfigurationList;
			buildConfigurations = (
				7F708AE026D5751F00DAC8B0 /* Debug */,
				7F708AE126D5751F00DAC8B0 /* Release */,
			);
			defaultConfigurationIsVisible = 0;
			defaultConfigurationName = Release;
		};
		7F708AE226D5751F00DAC8B0 /* Build configuration list for PBXNativeTarget "MyCookBookTests" */ = {
			isa = XCConfigurationList;
			buildConfigurations = (
				7F708AE326D5751F00DAC8B0 /* Debug */,
				7F708AE426D5751F00DAC8B0 /* Release */,
			);
			defaultConfigurationIsVisible = 0;
			defaultConfigurationName = Release;
		};
		7F708AE526D5751F00DAC8B0 /* Build configuration list for PBXNativeTarget "MyCookBookUITests" */ = {
			isa = XCConfigurationList;
			buildConfigurations = (
				7F708AE626D5751F00DAC8B0 /* Debug */,
				7F708AE726D5751F00DAC8B0 /* Release */,
			);
			defaultConfigurationIsVisible = 0;
			defaultConfigurationName = Release;
		};
/* End XCConfigurationList section */

/* Begin XCRemoteSwiftPackageReference section */
		7F708AFD26D6C8F900DAC8B0 /* XCRemoteSwiftPackageReference "Alamofire" */ = {
			isa = XCRemoteSwiftPackageReference;
			repositoryURL = "https://github.com/Alamofire/Alamofire.git";
			requirement = {
				kind = upToNextMajorVersion;
				minimumVersion = 5.4.3;
			};
		};
		7F708B0C26D6D8F700DAC8B0 /* XCRemoteSwiftPackageReference "SwiftyJSON" */ = {
			isa = XCRemoteSwiftPackageReference;
			repositoryURL = "https://github.com/SwiftyJSON/SwiftyJSON.git";
			requirement = {
				kind = upToNextMajorVersion;
				minimumVersion = 5.0.1;
			};
		};
		7F708BBC26DD41FB00DAC8B0 /* XCRemoteSwiftPackageReference "firebase-ios-sdk" */ = {
			isa = XCRemoteSwiftPackageReference;
			repositoryURL = "https://github.com/firebase/firebase-ios-sdk.git";
			requirement = {
				kind = upToNextMajorVersion;
				minimumVersion = 8.6.1;
			};
		};
/* End XCRemoteSwiftPackageReference section */

/* Begin XCSwiftPackageProductDependency section */
		7F708AFE26D6C8F900DAC8B0 /* Alamofire */ = {
			isa = XCSwiftPackageProductDependency;
			package = 7F708AFD26D6C8F900DAC8B0 /* XCRemoteSwiftPackageReference "Alamofire" */;
			productName = Alamofire;
		};
		7F708B0D26D6D8F700DAC8B0 /* SwiftyJSON */ = {
			isa = XCSwiftPackageProductDependency;
			package = 7F708B0C26D6D8F700DAC8B0 /* XCRemoteSwiftPackageReference "SwiftyJSON" */;
			productName = SwiftyJSON;
		};
		7F708BBD26DD41FB00DAC8B0 /* FirebaseAnalytics */ = {
			isa = XCSwiftPackageProductDependency;
			package = 7F708BBC26DD41FB00DAC8B0 /* XCRemoteSwiftPackageReference "firebase-ios-sdk" */;
			productName = FirebaseAnalytics;
		};
		7F708BBF26DD41FB00DAC8B0 /* FirebaseCrashlytics */ = {
			isa = XCSwiftPackageProductDependency;
			package = 7F708BBC26DD41FB00DAC8B0 /* XCRemoteSwiftPackageReference "firebase-ios-sdk" */;
			productName = FirebaseCrashlytics;
		};
		7F708BC126DD41FB00DAC8B0 /* FirebaseAuth */ = {
			isa = XCSwiftPackageProductDependency;
			package = 7F708BBC26DD41FB00DAC8B0 /* XCRemoteSwiftPackageReference "firebase-ios-sdk" */;
			productName = FirebaseAuth;
		};
		7F708BC326DD41FB00DAC8B0 /* FirebaseDatabase */ = {
			isa = XCSwiftPackageProductDependency;
			package = 7F708BBC26DD41FB00DAC8B0 /* XCRemoteSwiftPackageReference "firebase-ios-sdk" */;
			productName = FirebaseDatabase;
		};
/* End XCSwiftPackageProductDependency section */
	};
	rootObject = 7F708AAD26D5750E00DAC8B0 /* Project object */;
}
